// !$*UTF8*$!
{
	archiveVersion = 1;
	classes = {
	};
	objectVersion = 50;
	objects = {

/* Begin PBXBuildFile section */
		01312EC4246DEAD500A69737 /* AppDelegate.swift in Sources */ = {isa = PBXBuildFile; fileRef = 01312EC3246DEAD500A69737 /* AppDelegate.swift */; };
		01312EC6246DEAD500A69737 /* SceneDelegate.swift in Sources */ = {isa = PBXBuildFile; fileRef = 01312EC5246DEAD500A69737 /* SceneDelegate.swift */; };
		01312EC8246DEAD500A69737 /* ContentView.swift in Sources */ = {isa = PBXBuildFile; fileRef = 01312EC7246DEAD500A69737 /* ContentView.swift */; };
		01312ECA246DEAD700A69737 /* Assets.xcassets in Resources */ = {isa = PBXBuildFile; fileRef = 01312EC9246DEAD700A69737 /* Assets.xcassets */; };
		01312ECD246DEAD700A69737 /* Preview Assets.xcassets in Resources */ = {isa = PBXBuildFile; fileRef = 01312ECC246DEAD700A69737 /* Preview Assets.xcassets */; };
		01312ED0246DEAD700A69737 /* LaunchScreen.storyboard in Resources */ = {isa = PBXBuildFile; fileRef = 01312ECE246DEAD700A69737 /* LaunchScreen.storyboard */; };
		01312EDA246EB3EC00A69737 /* MainList.swift in Sources */ = {isa = PBXBuildFile; fileRef = 01312ED9246EB3EC00A69737 /* MainList.swift */; };
		01312EDC246EB64100A69737 /* List.swift in Sources */ = {isa = PBXBuildFile; fileRef = 01312EDB246EB64100A69737 /* List.swift */; };
		01312EDE246EC1B200A69737 /* Temp.swift in Sources */ = {isa = PBXBuildFile; fileRef = 01312EDD246EC1B200A69737 /* Temp.swift */; };
		366F3EEA24701696003E528F /* Temp2.swift in Sources */ = {isa = PBXBuildFile; fileRef = 366F3EE924701696003E528F /* Temp2.swift */; };
/* End PBXBuildFile section */

/* Begin PBXFileReference section */
		01312EC0246DEAD500A69737 /* ListProject.app */ = {isa = PBXFileReference; explicitFileType = wrapper.application; includeInIndex = 0; path = ListProject.app; sourceTree = BUILT_PRODUCTS_DIR; };
		01312EC3246DEAD500A69737 /* AppDelegate.swift */ = {isa = PBXFileReference; lastKnownFileType = sourcecode.swift; path = AppDelegate.swift; sourceTree = "<group>"; };
		01312EC5246DEAD500A69737 /* SceneDelegate.swift */ = {isa = PBXFileReference; lastKnownFileType = sourcecode.swift; path = SceneDelegate.swift; sourceTree = "<group>"; };
		01312EC7246DEAD500A69737 /* ContentView.swift */ = {isa = PBXFileReference; lastKnownFileType = sourcecode.swift; path = ContentView.swift; sourceTree = "<group>"; };
		01312EC9246DEAD700A69737 /* Assets.xcassets */ = {isa = PBXFileReference; lastKnownFileType = folder.assetcatalog; path = Assets.xcassets; sourceTree = "<group>"; };
		01312ECC246DEAD700A69737 /* Preview Assets.xcassets */ = {isa = PBXFileReference; lastKnownFileType = folder.assetcatalog; path = "Preview Assets.xcassets"; sourceTree = "<group>"; };
		01312ECF246DEAD700A69737 /* Base */ = {isa = PBXFileReference; lastKnownFileType = file.storyboard; name = Base; path = Base.lproj/LaunchScreen.storyboard; sourceTree = "<group>"; };
		01312ED1246DEAD700A69737 /* Info.plist */ = {isa = PBXFileReference; lastKnownFileType = text.plist.xml; path = Info.plist; sourceTree = "<group>"; };
		01312ED9246EB3EC00A69737 /* MainList.swift */ = {isa = PBXFileReference; lastKnownFileType = sourcecode.swift; path = MainList.swift; sourceTree = "<group>"; };
		01312EDB246EB64100A69737 /* List.swift */ = {isa = PBXFileReference; lastKnownFileType = sourcecode.swift; path = List.swift; sourceTree = "<group>"; };
		01312EDD246EC1B200A69737 /* Temp.swift */ = {isa = PBXFileReference; lastKnownFileType = sourcecode.swift; path = Temp.swift; sourceTree = "<group>"; };
		366F3EE924701696003E528F /* Temp2.swift */ = {isa = PBXFileReference; lastKnownFileType = sourcecode.swift; path = Temp2.swift; sourceTree = "<group>"; };
/* End PBXFileReference section */

/* Begin PBXFrameworksBuildPhase section */
		01312EBD246DEAD500A69737 /* Frameworks */ = {
			isa = PBXFrameworksBuildPhase;
			buildActionMask = 2147483647;
			files = (
			);
			runOnlyForDeploymentPostprocessing = 0;
		};
/* End PBXFrameworksBuildPhase section */

/* Begin PBXGroup section */
		01312EB7246DEAD500A69737 = {
			isa = PBXGroup;
			children = (
				01312EC2246DEAD500A69737 /* ListProject */,
				01312EC1246DEAD500A69737 /* Products */,
			);
			sourceTree = "<group>";
		};
		01312EC1246DEAD500A69737 /* Products */ = {
			isa = PBXGroup;
			children = (
				01312EC0246DEAD500A69737 /* ListProject.app */,
			);
			name = Products;
			sourceTree = "<group>";
		};
		01312EC2246DEAD500A69737 /* ListProject */ = {
			isa = PBXGroup;
			children = (
				01312ED8246EB26C00A69737 /* Views */,
				01312ED7246EB26000A69737 /* Models */,
				01312EC3246DEAD500A69737 /* AppDelegate.swift */,
				01312EC5246DEAD500A69737 /* SceneDelegate.swift */,
				01312EC7246DEAD500A69737 /* ContentView.swift */,
				01312EC9246DEAD700A69737 /* Assets.xcassets */,
				01312ECE246DEAD700A69737 /* LaunchScreen.storyboard */,
				01312ED1246DEAD700A69737 /* Info.plist */,
				01312ECB246DEAD700A69737 /* Preview Content */,
			);
			path = ListProject;
			sourceTree = "<group>";
		};
		01312ECB246DEAD700A69737 /* Preview Content */ = {
			isa = PBXGroup;
			children = (
				01312ECC246DEAD700A69737 /* Preview Assets.xcassets */,
			);
			path = "Preview Content";
			sourceTree = "<group>";
		};
		01312ED7246EB26000A69737 /* Models */ = {
			isa = PBXGroup;
			children = (
				01312EDB246EB64100A69737 /* List.swift */,
			);
			path = Models;
			sourceTree = "<group>";
		};
		01312ED8246EB26C00A69737 /* Views */ = {
			isa = PBXGroup;
			children = (
				01312ED9246EB3EC00A69737 /* MainList.swift */,
				01312EDD246EC1B200A69737 /* Temp.swift */,
				366F3EE924701696003E528F /* Temp2.swift */,
			);
			path = Views;
			sourceTree = "<group>";
		};
/* End PBXGroup section */

/* Begin PBXNativeTarget section */
		01312EBF246DEAD500A69737 /* ListProject */ = {
			isa = PBXNativeTarget;
			buildConfigurationList = 01312ED4246DEAD700A69737 /* Build configuration list for PBXNativeTarget "ListProject" */;
			buildPhases = (
				01312EBC246DEAD500A69737 /* Sources */,
				01312EBD246DEAD500A69737 /* Frameworks */,
				01312EBE246DEAD500A69737 /* Resources */,
			);
			buildRules = (
			);
			dependencies = (
			);
			name = ListProject;
			productName = ListProject;
			productReference = 01312EC0246DEAD500A69737 /* ListProject.app */;
			productType = "com.apple.product-type.application";
		};
/* End PBXNativeTarget section */

/* Begin PBXProject section */
		01312EB8246DEAD500A69737 /* Project object */ = {
			isa = PBXProject;
			attributes = {
				LastSwiftUpdateCheck = 1140;
				LastUpgradeCheck = 1140;
				ORGANIZATIONNAME = Alyaa;
				TargetAttributes = {
					01312EBF246DEAD500A69737 = {
						CreatedOnToolsVersion = 11.4.1;
					};
				};
			};
			buildConfigurationList = 01312EBB246DEAD500A69737 /* Build configuration list for PBXProject "ListProject" */;
			compatibilityVersion = "Xcode 9.3";
			developmentRegion = en;
			hasScannedForEncodings = 0;
			knownRegions = (
				en,
				Base,
			);
			mainGroup = 01312EB7246DEAD500A69737;
			productRefGroup = 01312EC1246DEAD500A69737 /* Products */;
			projectDirPath = "";
			projectRoot = "";
			targets = (
				01312EBF246DEAD500A69737 /* ListProject */,
			);
		};
/* End PBXProject section */

/* Begin PBXResourcesBuildPhase section */
		01312EBE246DEAD500A69737 /* Resources */ = {
			isa = PBXResourcesBuildPhase;
			buildActionMask = 2147483647;
			files = (
				01312ED0246DEAD700A69737 /* LaunchScreen.storyboard in Resources */,
				01312ECD246DEAD700A69737 /* Preview Assets.xcassets in Resources */,
				01312ECA246DEAD700A69737 /* Assets.xcassets in Resources */,
			);
			runOnlyForDeploymentPostprocessing = 0;
		};
/* End PBXResourcesBuildPhase section */

/* Begin PBXSourcesBuildPhase section */
		01312EBC246DEAD500A69737 /* Sources */ = {
			isa = PBXSourcesBuildPhase;
			buildActionMask = 2147483647;
			files = (
				01312EC4246DEAD500A69737 /* AppDelegate.swift in Sources */,
				01312EC6246DEAD500A69737 /* SceneDelegate.swift in Sources */,
				01312EDA246EB3EC00A69737 /* MainList.swift in Sources */,
				01312EDC246EB64100A69737 /* List.swift in Sources */,
				366F3EEA24701696003E528F /* Temp2.swift in Sources */,
				01312EC8246DEAD500A69737 /* ContentView.swift in Sources */,
				01312EDE246EC1B200A69737 /* Temp.swift in Sources */,
			);
			runOnlyForDeploymentPostprocessing = 0;
		};
/* End PBXSourcesBuildPhase section */

/* Begin PBXVariantGroup section */
		01312ECE246DEAD700A69737 /* LaunchScreen.storyboard */ = {
			isa = PBXVariantGroup;
			children = (
				01312ECF246DEAD700A69737 /* Base */,
			);
			name = LaunchScreen.storyboard;
			sourceTree = "<group>";
		};
/* End PBXVariantGroup section */

/* Begin XCBuildConfiguration section */
		01312ED2246DEAD700A69737 /* Debug */ = {
			isa = XCBuildConfiguration;
			buildSettings = {
				ALWAYS_SEARCH_USER_PATHS = NO;
				CLANG_ANALYZER_NONNULL = YES;
				CLANG_ANALYZER_NUMBER_OBJECT_CONVERSION = YES_AGGRESSIVE;
				CLANG_CXX_LANGUAGE_STANDARD = "gnu++14";
				CLANG_CXX_LIBRARY = "libc++";
				CLANG_ENABLE_MODULES = YES;
				CLANG_ENABLE_OBJC_ARC = YES;
				CLANG_ENABLE_OBJC_WEAK = YES;
				CLANG_WARN_BLOCK_CAPTURE_AUTORELEASING = YES;
				CLANG_WARN_BOOL_CONVERSION = YES;
				CLANG_WARN_COMMA = YES;
				CLANG_WARN_CONSTANT_CONVERSION = YES;
				CLANG_WARN_DEPRECATED_OBJC_IMPLEMENTATIONS = YES;
				CLANG_WARN_DIRECT_OBJC_ISA_USAGE = YES_ERROR;
				CLANG_WARN_DOCUMENTATION_COMMENTS = YES;
				CLANG_WARN_EMPTY_BODY = YES;
				CLANG_WARN_ENUM_CONVERSION = YES;
				CLANG_WARN_INFINITE_RECURSION = YES;
				CLANG_WARN_INT_CONVERSION = YES;
				CLANG_WARN_NON_LITERAL_NULL_CONVERSION = YES;
				CLANG_WARN_OBJC_IMPLICIT_RETAIN_SELF = YES;
				CLANG_WARN_OBJC_LITERAL_CONVERSION = YES;
				CLANG_WARN_OBJC_ROOT_CLASS = YES_ERROR;
				CLANG_WARN_RANGE_LOOP_ANALYSIS = YES;
				CLANG_WARN_STRICT_PROTOTYPES = YES;
				CLANG_WARN_SUSPICIOUS_MOVE = YES;
				CLANG_WARN_UNGUARDED_AVAILABILITY = YES_AGGRESSIVE;
				CLANG_WARN_UNREACHABLE_CODE = YES;
				CLANG_WARN__DUPLICATE_METHOD_MATCH = YES;
				COPY_PHASE_STRIP = NO;
				DEBUG_INFORMATION_FORMAT = dwarf;
				ENABLE_STRICT_OBJC_MSGSEND = YES;
				ENABLE_TESTABILITY = YES;
				GCC_C_LANGUAGE_STANDARD = gnu11;
				GCC_DYNAMIC_NO_PIC = NO;
				GCC_NO_COMMON_BLOCKS = YES;
				GCC_OPTIMIZATION_LEVEL = 0;
				GCC_PREPROCESSOR_DEFINITIONS = (
					"DEBUG=1",
					"$(inherited)",
				);
				GCC_WARN_64_TO_32_BIT_CONVERSION = YES;
				GCC_WARN_ABOUT_RETURN_TYPE = YES_ERROR;
				GCC_WARN_UNDECLARED_SELECTOR = YES;
				GCC_WARN_UNINITIALIZED_AUTOS = YES_AGGRESSIVE;
				GCC_WARN_UNUSED_FUNCTION = YES;
				GCC_WARN_UNUSED_VARIABLE = YES;
				IPHONEOS_DEPLOYMENT_TARGET = 13.4;
				MTL_ENABLE_DEBUG_INFO = INCLUDE_SOURCE;
				MTL_FAST_MATH = YES;
				ONLY_ACTIVE_ARCH = YES;
				SDKROOT = iphoneos;
				SWIFT_ACTIVE_COMPILATION_CONDITIONS = DEBUG;
				SWIFT_OPTIMIZATION_LEVEL = "-Onone";
			};
			name = Debug;
		};
		01312ED3246DEAD700A69737 /* Release */ = {
			isa = XCBuildConfiguration;
			buildSettings = {
				ALWAYS_SEARCH_USER_PATHS = NO;
				CLANG_ANALYZER_NONNULL = YES;
				CLANG_ANALYZER_NUMBER_OBJECT_CONVERSION = YES_AGGRESSIVE;
				CLANG_CXX_LANGUAGE_STANDARD = "gnu++14";
				CLANG_CXX_LIBRARY = "libc++";
				CLANG_ENABLE_MODULES = YES;
				CLANG_ENABLE_OBJC_ARC = YES;
				CLANG_ENABLE_OBJC_WEAK = YES;
				CLANG_WARN_BLOCK_CAPTURE_AUTORELEASING = YES;
				CLANG_WARN_BOOL_CONVERSION = YES;
				CLANG_WARN_COMMA = YES;
				CLANG_WARN_CONSTANT_CONVERSION = YES;
				CLANG_WARN_DEPRECATED_OBJC_IMPLEMENTATIONS = YES;
				CLANG_WARN_DIRECT_OBJC_ISA_USAGE = YES_ERROR;
				CLANG_WARN_DOCUMENTATION_COMMENTS = YES;
				CLANG_WARN_EMPTY_BODY = YES;
				CLANG_WARN_ENUM_CONVERSION = YES;
				CLANG_WARN_INFINITE_RECURSION = YES;
				CLANG_WARN_INT_CONVERSION = YES;
				CLANG_WARN_NON_LITERAL_NULL_CONVERSION = YES;
				CLANG_WARN_OBJC_IMPLICIT_RETAIN_SELF = YES;
				CLANG_WARN_OBJC_LITERAL_CONVERSION = YES;
				CLANG_WARN_OBJC_ROOT_CLASS = YES_ERROR;
				CLANG_WARN_RANGE_LOOP_ANALYSIS = YES;
				CLANG_WARN_STRICT_PROTOTYPES = YES;
				CLANG_WARN_SUSPICIOUS_MOVE = YES;
				CLANG_WARN_UNGUARDED_AVAILABILITY = YES_AGGRESSIVE;
				CLANG_WARN_UNREACHABLE_CODE = YES;
				CLANG_WARN__DUPLICATE_METHOD_MATCH = YES;
				COPY_PHASE_STRIP = NO;
				DEBUG_INFORMATION_FORMAT = "dwarf-with-dsym";
				ENABLE_NS_ASSERTIONS = NO;
				ENABLE_STRICT_OBJC_MSGSEND = YES;
				GCC_C_LANGUAGE_STANDARD = gnu11;
				GCC_NO_COMMON_BLOCKS = YES;
				GCC_WARN_64_TO_32_BIT_CONVERSION = YES;
				GCC_WARN_ABOUT_RETURN_TYPE = YES_ERROR;
				GCC_WARN_UNDECLARED_SELECTOR = YES;
				GCC_WARN_UNINITIALIZED_AUTOS = YES_AGGRESSIVE;
				GCC_WARN_UNUSED_FUNCTION = YES;
				GCC_WARN_UNUSED_VARIABLE = YES;
				IPHONEOS_DEPLOYMENT_TARGET = 13.4;
				MTL_ENABLE_DEBUG_INFO = NO;
				MTL_FAST_MATH = YES;
				SDKROOT = iphoneos;
				SWIFT_COMPILATION_MODE = wholemodule;
				SWIFT_OPTIMIZATION_LEVEL = "-O";
				VALIDATE_PRODUCT = YES;
			};
			name = Release;
		};
		01312ED5246DEAD700A69737 /* Debug */ = {
			isa = XCBuildConfiguration;
			buildSettings = {
				ASSETCATALOG_COMPILER_APPICON_NAME = AppIcon;
				CODE_SIGN_STYLE = Automatic;
				DEVELOPMENT_ASSET_PATHS = "\"ListProject/Preview Content\"";
				DEVELOPMENT_TEAM = M362B4ZZL6;
				ENABLE_PREVIEWS = YES;
				INFOPLIST_FILE = ListProject/Info.plist;
				LD_RUNPATH_SEARCH_PATHS = (
					"$(inherited)",
					"@executable_path/Frameworks",
				);
				PRODUCT_BUNDLE_IDENTIFIER = com.Alyaa.ListProject;
				PRODUCT_NAME = "$(TARGET_NAME)";
				SWIFT_VERSION = 5.0;
				TARGETED_DEVICE_FAMILY = "1,2";
			};
			name = Debug;
		};
		01312ED6246DEAD700A69737 /* Release */ = {
			isa = XCBuildConfiguration;
			buildSettings = {
				ASSETCATALOG_COMPILER_APPICON_NAME = AppIcon;
				CODE_SIGN_STYLE = Automatic;
				DEVELOPMENT_ASSET_PATHS = "\"ListProject/Preview Content\"";
				DEVELOPMENT_TEAM = M362B4ZZL6;
				ENABLE_PREVIEWS = YES;
				INFOPLIST_FILE = ListProject/Info.plist;
				LD_RUNPATH_SEARCH_PATHS = (
					"$(inherited)",
					"@executable_path/Frameworks",
				);
				PRODUCT_BUNDLE_IDENTIFIER = com.Alyaa.ListProject;
				PRODUCT_NAME = "$(TARGET_NAME)";
				SWIFT_VERSION = 5.0;
				TARGETED_DEVICE_FAMILY = "1,2";
			};
			name = Release;
		};
/* End XCBuildConfiguration section */

/* Begin XCConfigurationList section */
		01312EBB246DEAD500A69737 /* Build configuration list for PBXProject "ListProject" */ = {
			isa = XCConfigurationList;
			buildConfigurations = (
				01312ED2246DEAD700A69737 /* Debug */,
				01312ED3246DEAD700A69737 /* Release */,
			);
			defaultConfigurationIsVisible = 0;
			defaultConfigurationName = Release;
		};
		01312ED4246DEAD700A69737 /* Build configuration list for PBXNativeTarget "ListProject" */ = {
			isa = XCConfigurationList;
			buildConfigurations = (
				01312ED5246DEAD700A69737 /* Debug */,
				01312ED6246DEAD700A69737 /* Release */,
			);
			defaultConfigurationIsVisible = 0;
			defaultConfigurationName = Release;
		};
/* End XCConfigurationList section */
	};
	rootObject = 01312EB8246DEAD500A69737 /* Project object */;
}
